
Microsoft Visual Studio Solution File, Format Version 12.00
# Visual Studio 15
VisualStudioVersion = 15.0.27130.2024
MinimumVisualStudioVersion = 10.0.40219.1
Project("{FAE04EC0-301F-11D3-BF4B-00C04F79EFBC}") = "MusicStore", "MusicStore\MusicStore.csproj", "{2B6B1299-185C-4E9E-AAA2-4ACF034C6556}"
EndProject
Project("{FAE04EC0-301F-11D3-BF4B-00C04F79EFBC}") = "MusicStore.Tests", "MusicStore.Tests\MusicStore.Tests.csproj", "{683C7904-6618-4CBF-97A9-219FFAFBDCAA}"
EndProject
Project("{2150E333-8FDC-42A3-9474-1A3956D46DE8}") = "Solution Items", "Solution Items", "{02F7F9D8-DE5C-4589-8711-CEF4AA7FC350}"
	ProjectSection(SolutionItems) = preProject
		README.md = README.md
	EndProjectSection
EndProject
Global
	GlobalSection(SolutionConfigurationPlatforms) = preSolution
		Debug|Any CPU = Debug|Any CPU
		Release|Any CPU = Release|Any CPU
	EndGlobalSection
	GlobalSection(ProjectConfigurationPlatforms) = postSolution
		{2B6B1299-185C-4E9E-AAA2-4ACF034C6556}.Debug|Any CPU.ActiveCfg = Debug|Any CPU
		{2B6B1299-185C-4E9E-AAA2-4ACF034C6556}.Debug|Any CPU.Build.0 = Debug|Any CPU
		{2B6B1299-185C-4E9E-AAA2-4ACF034C6556}.Release|Any CPU.ActiveCfg = Release|Any CPU
		{2B6B1299-185C-4E9E-AAA2-4ACF034C6556}.Release|Any CPU.Build.0 = Release|Any CPU
		{683C7904-6618-4CBF-97A9-219FFAFBDCAA}.Debug|Any CPU.ActiveCfg = Debug|Any CPU
		{683C7904-6618-4CBF-97A9-219FFAFBDCAA}.Debug|Any CPU.Build.0 = Debug|Any CPU
		{683C7904-6618-4CBF-97A9-219FFAFBDCAA}.Release|Any CPU.ActiveCfg = Release|Any CPU
		{683C7904-6618-4CBF-97A9-219FFAFBDCAA}.Release|Any CPU.Build.0 = Release|Any CPU
	EndGlobalSection
	GlobalSection(SolutionProperties) = preSolution
		HideSolutionNode = FALSE
	EndGlobalSection
	GlobalSection(ExtensibilityGlobals) = postSolution
		SolutionGuid = {4DD36906-DB0D-44A1-9DB2-F47D74476E59}
	EndGlobalSection
EndGlobal
